
Microsoft Visual Studio Solution File, Format Version 12.00
# Visual Studio Version 17
VisualStudioVersion = 17.3.32929.385
MinimumVisualStudioVersion = 10.0.40219.1
Project("{9A19103F-16F7-4668-BE54-9A1E7A4F7556}") = "EletricGo", "EletricGo\EletricGo.csproj", "{08DB5CDE-C791-4012-BD91-A2AD58EA0C87}"
EndProject
Project("{9A19103F-16F7-4668-BE54-9A1E7A4F7556}") = "EletricGo_UnitTests", "EletricGo_UnitTests\EletricGo_UnitTests.csproj", "{FB7A1873-B781-42D7-9012-EBA4467BF8E1}"
EndProject
Project("{9A19103F-16F7-4668-BE54-9A1E7A4F7556}") = "EletricGo_IntegrationTests", "EletricGo_IntegrationTests\EletricGo_IntegrationTests.csproj", "{45CFD8A8-452E-40EB-8D7F-C5D782272DF0}"
EndProject
Global
	GlobalSection(SolutionConfigurationPlatforms) = preSolution
		Debug|Any CPU = Debug|Any CPU
		Release|Any CPU = Release|Any CPU
	EndGlobalSection
	GlobalSection(ProjectConfigurationPlatforms) = postSolution
		{08DB5CDE-C791-4012-BD91-A2AD58EA0C87}.Debug|Any CPU.ActiveCfg = Debug|Any CPU
		{08DB5CDE-C791-4012-BD91-A2AD58EA0C87}.Debug|Any CPU.Build.0 = Debug|Any CPU
		{08DB5CDE-C791-4012-BD91-A2AD58EA0C87}.Release|Any CPU.ActiveCfg = Release|Any CPU
		{08DB5CDE-C791-4012-BD91-A2AD58EA0C87}.Release|Any CPU.Build.0 = Release|Any CPU
		{FB7A1873-B781-42D7-9012-EBA4467BF8E1}.Debug|Any CPU.ActiveCfg = Debug|Any CPU
		{FB7A1873-B781-42D7-9012-EBA4467BF8E1}.Debug|Any CPU.Build.0 = Debug|Any CPU
		{FB7A1873-B781-42D7-9012-EBA4467BF8E1}.Release|Any CPU.ActiveCfg = Release|Any CPU
		{FB7A1873-B781-42D7-9012-EBA4467BF8E1}.Release|Any CPU.Build.0 = Release|Any CPU
		{45CFD8A8-452E-40EB-8D7F-C5D782272DF0}.Debug|Any CPU.ActiveCfg = Debug|Any CPU
		{45CFD8A8-452E-40EB-8D7F-C5D782272DF0}.Debug|Any CPU.Build.0 = Debug|Any CPU
		{45CFD8A8-452E-40EB-8D7F-C5D782272DF0}.Release|Any CPU.ActiveCfg = Release|Any CPU
		{45CFD8A8-452E-40EB-8D7F-C5D782272DF0}.Release|Any CPU.Build.0 = Release|Any CPU
	EndGlobalSection
	GlobalSection(SolutionProperties) = preSolution
		HideSolutionNode = FALSE
	EndGlobalSection
	GlobalSection(ExtensibilityGlobals) = postSolution
		SolutionGuid = {E97511F9-5BE7-403A-A80D-CF0121CC2974}
	EndGlobalSection
EndGlobal
